PODS:
  - ReRxSwift (1.0.0):
    - ReSwift (~> 4.0)
    - RxCocoa (~> 4.0)
    - RxSwift (~> 4.0)
  - ReSwift (4.0.0)
  - RxCocoa (4.0.0):
    - RxSwift (~> 4.0)
  - RxSwift (4.0.0)
  - SteviaLayout (4.1.0)

DEPENDENCIES:
  - ReRxSwift (~> 1.0)
  - RxCocoa (~> 4.0)
  - RxSwift (~> 4.0)
  - SteviaLayout

SPEC CHECKSUMS:
  ReRxSwift: 22ff2438facdf1c95793ef5975029bf503324757
  ReSwift: f058ef13b46ae5f463f10605ccbbb7fb04424d8d
  RxCocoa: d62846ca96495d862fa4c59ea7d87e5031d7340e
  RxSwift: fd680d75283beb5e2559486f3c0ff852f0d35334
  SteviaLayout: 8a3524d4280841abf9f215145304a6cb37a54521

PODFILE CHECKSUM: e4a00b01062f231bbb6a029a27a5b4be5e0f05b1

COCOAPODS: 1.3.1
